
Microsoft Visual Studio Solution File, Format Version 12.00
# Visual Studio Version 17
VisualStudioVersion = 17.0.32014.148
MinimumVisualStudioVersion = 10.0.40219.1
Project("{FAE04EC0-301F-11D3-BF4B-00C04F79EFBC}") = "Moralabs_NetCoreWebApp", "Moralabs_NetCoreWebApp\Moralabs_NetCoreWebApp.csproj", "{C899014D-DA69-444F-8A87-38C2569DDEB1}"
EndProject
Global
	GlobalSection(SolutionConfigurationPlatforms) = preSolution
		Debug|Any CPU = Debug|Any CPU
		Release|Any CPU = Release|Any CPU
	EndGlobalSection
	GlobalSection(ProjectConfigurationPlatforms) = postSolution
		{C899014D-DA69-444F-8A87-38C2569DDEB1}.Debug|Any CPU.ActiveCfg = Debug|Any CPU
		{C899014D-DA69-444F-8A87-38C2569DDEB1}.Debug|Any CPU.Build.0 = Debug|Any CPU
		{C899014D-DA69-444F-8A87-38C2569DDEB1}.Release|Any CPU.ActiveCfg = Release|Any CPU
		{C899014D-DA69-444F-8A87-38C2569DDEB1}.Release|Any CPU.Build.0 = Release|Any CPU
	EndGlobalSection
	GlobalSection(SolutionProperties) = preSolution
		HideSolutionNode = FALSE
	EndGlobalSection
	GlobalSection(ExtensibilityGlobals) = postSolution
		SolutionGuid = {990B98B2-20C9-48E0-963F-9A19940765A4}
	EndGlobalSection
EndGlobal
